
Microsoft Visual Studio Solution File, Format Version 12.00
# Visual Studio Version 17
VisualStudioVersion = 17.5.33516.290
MinimumVisualStudioVersion = 10.0.40219.1
Project("{FAE04EC0-301F-11D3-BF4B-00C04F79EFBC}") = "TiendaApi", "TiendaApi.csproj", "{10EF84A7-ADC6-40D3-B4C5-40B3E2ECC6F5}"
EndProject
Project("{2150E333-8FDC-42A3-9474-1A3956D46DE8}") = "Elementos de la solución", "Elementos de la solución", "{40F4B8E7-A315-4B3A-8235-C28EDE8C643C}"
	ProjectSection(SolutionItems) = preProject
		.gitignore = .gitignore
	EndProjectSection
EndProject
Global
	GlobalSection(SolutionConfigurationPlatforms) = preSolution
		Debug|Any CPU = Debug|Any CPU
		Release|Any CPU = Release|Any CPU
	EndGlobalSection
	GlobalSection(ProjectConfigurationPlatforms) = postSolution
		{10EF84A7-ADC6-40D3-B4C5-40B3E2ECC6F5}.Debug|Any CPU.ActiveCfg = Debug|Any CPU
		{10EF84A7-ADC6-40D3-B4C5-40B3E2ECC6F5}.Debug|Any CPU.Build.0 = Debug|Any CPU
		{10EF84A7-ADC6-40D3-B4C5-40B3E2ECC6F5}.Release|Any CPU.ActiveCfg = Release|Any CPU
		{10EF84A7-ADC6-40D3-B4C5-40B3E2ECC6F5}.Release|Any CPU.Build.0 = Release|Any CPU
	EndGlobalSection
	GlobalSection(SolutionProperties) = preSolution
		HideSolutionNode = FALSE
	EndGlobalSection
	GlobalSection(ExtensibilityGlobals) = postSolution
		SolutionGuid = {B863ECEC-0D6F-4ED2-921A-34F7D4FB1B3C}
	EndGlobalSection
EndGlobal
